
Microsoft Visual Studio Solution File, Format Version 12.00
# Visual Studio Version 16
VisualStudioVersion = 16.0.32002.261
MinimumVisualStudioVersion = 10.0.40219.1
Project("{8BC9CEB8-8B4A-11D0-8D11-00A0C91BC942}") = "递归和非递归分别实现求第n个斐波那契数。", "递归和非递归分别实现求第n个斐波那契数。\递归和非递归分别实现求第n个斐波那契数。.vcxproj", "{2FE92E50-B80F-4918-9065-2CF4938C6A5C}"
EndProject
Global
	GlobalSection(SolutionConfigurationPlatforms) = preSolution
		Debug|x64 = Debug|x64
		Debug|x86 = Debug|x86
		Release|x64 = Release|x64
		Release|x86 = Release|x86
	EndGlobalSection
	GlobalSection(ProjectConfigurationPlatforms) = postSolution
		{2FE92E50-B80F-4918-9065-2CF4938C6A5C}.Debug|x64.ActiveCfg = Debug|x64
		{2FE92E50-B80F-4918-9065-2CF4938C6A5C}.Debug|x64.Build.0 = Debug|x64
		{2FE92E50-B80F-4918-9065-2CF4938C6A5C}.Debug|x86.ActiveCfg = Debug|Win32
		{2FE92E50-B80F-4918-9065-2CF4938C6A5C}.Debug|x86.Build.0 = Debug|Win32
		{2FE92E50-B80F-4918-9065-2CF4938C6A5C}.Release|x64.ActiveCfg = Release|x64
		{2FE92E50-B80F-4918-9065-2CF4938C6A5C}.Release|x64.Build.0 = Release|x64
		{2FE92E50-B80F-4918-9065-2CF4938C6A5C}.Release|x86.ActiveCfg = Release|Win32
		{2FE92E50-B80F-4918-9065-2CF4938C6A5C}.Release|x86.Build.0 = Release|Win32
	EndGlobalSection
	GlobalSection(SolutionProperties) = preSolution
		HideSolutionNode = FALSE
	EndGlobalSection
	GlobalSection(ExtensibilityGlobals) = postSolution
		SolutionGuid = {1548975E-9A5E-4A98-9EEB-D927A89A7455}
	EndGlobalSection
EndGlobal
