
Microsoft Visual Studio Solution File, Format Version 12.00
# Visual Studio Version 16
VisualStudioVersion = 16.0.32002.261
MinimumVisualStudioVersion = 10.0.40219.1
Project("{8BC9CEB8-8B4A-11D0-8D11-00A0C91BC942}") = "链表模板", "链表模板\链表模板.vcxproj", "{AEF67A0C-86F5-4661-8382-BB17F84AF23B}"
EndProject
Global
	GlobalSection(SolutionConfigurationPlatforms) = preSolution
		Debug|x64 = Debug|x64
		Debug|x86 = Debug|x86
		Release|x64 = Release|x64
		Release|x86 = Release|x86
	EndGlobalSection
	GlobalSection(ProjectConfigurationPlatforms) = postSolution
		{AEF67A0C-86F5-4661-8382-BB17F84AF23B}.Debug|x64.ActiveCfg = Debug|x64
		{AEF67A0C-86F5-4661-8382-BB17F84AF23B}.Debug|x64.Build.0 = Debug|x64
		{AEF67A0C-86F5-4661-8382-BB17F84AF23B}.Debug|x86.ActiveCfg = Debug|Win32
		{AEF67A0C-86F5-4661-8382-BB17F84AF23B}.Debug|x86.Build.0 = Debug|Win32
		{AEF67A0C-86F5-4661-8382-BB17F84AF23B}.Release|x64.ActiveCfg = Release|x64
		{AEF67A0C-86F5-4661-8382-BB17F84AF23B}.Release|x64.Build.0 = Release|x64
		{AEF67A0C-86F5-4661-8382-BB17F84AF23B}.Release|x86.ActiveCfg = Release|Win32
		{AEF67A0C-86F5-4661-8382-BB17F84AF23B}.Release|x86.Build.0 = Release|Win32
	EndGlobalSection
	GlobalSection(SolutionProperties) = preSolution
		HideSolutionNode = FALSE
	EndGlobalSection
	GlobalSection(ExtensibilityGlobals) = postSolution
		SolutionGuid = {CB8862B1-D72B-4F52-9D4F-0CD249D9EBA2}
	EndGlobalSection
EndGlobal
