
Microsoft Visual Studio Solution File, Format Version 12.00
# Visual Studio Version 16
VisualStudioVersion = 16.0.32002.261
MinimumVisualStudioVersion = 10.0.40219.1
Project("{8BC9CEB8-8B4A-11D0-8D11-00A0C91BC942}") = "sizeof无符号数，全局变量不初始化默认为0", "sizeof无符号数，全局变量不初始化默认为0\sizeof无符号数，全局变量不初始化默认为0.vcxproj", "{801D0576-8CF1-4C24-B9F1-94B8E69C004B}"
EndProject
Global
	GlobalSection(SolutionConfigurationPlatforms) = preSolution
		Debug|x64 = Debug|x64
		Debug|x86 = Debug|x86
		Release|x64 = Release|x64
		Release|x86 = Release|x86
	EndGlobalSection
	GlobalSection(ProjectConfigurationPlatforms) = postSolution
		{801D0576-8CF1-4C24-B9F1-94B8E69C004B}.Debug|x64.ActiveCfg = Debug|x64
		{801D0576-8CF1-4C24-B9F1-94B8E69C004B}.Debug|x64.Build.0 = Debug|x64
		{801D0576-8CF1-4C24-B9F1-94B8E69C004B}.Debug|x86.ActiveCfg = Debug|Win32
		{801D0576-8CF1-4C24-B9F1-94B8E69C004B}.Debug|x86.Build.0 = Debug|Win32
		{801D0576-8CF1-4C24-B9F1-94B8E69C004B}.Release|x64.ActiveCfg = Release|x64
		{801D0576-8CF1-4C24-B9F1-94B8E69C004B}.Release|x64.Build.0 = Release|x64
		{801D0576-8CF1-4C24-B9F1-94B8E69C004B}.Release|x86.ActiveCfg = Release|Win32
		{801D0576-8CF1-4C24-B9F1-94B8E69C004B}.Release|x86.Build.0 = Release|Win32
	EndGlobalSection
	GlobalSection(SolutionProperties) = preSolution
		HideSolutionNode = FALSE
	EndGlobalSection
	GlobalSection(ExtensibilityGlobals) = postSolution
		SolutionGuid = {6431DA15-93CE-45F6-A0D3-F93003CEFD31}
	EndGlobalSection
EndGlobal
