
Microsoft Visual Studio Solution File, Format Version 12.00
# Visual Studio Version 16
VisualStudioVersion = 16.0.32002.261
MinimumVisualStudioVersion = 10.0.40219.1
Project("{8BC9CEB8-8B4A-11D0-8D11-00A0C91BC942}") = "调用系统定时关机", "调用系统定时关机\调用系统定时关机.vcxproj", "{BF356377-14BE-4580-BCFE-018769319959}"
EndProject
Global
	GlobalSection(SolutionConfigurationPlatforms) = preSolution
		Debug|x64 = Debug|x64
		Debug|x86 = Debug|x86
		Release|x64 = Release|x64
		Release|x86 = Release|x86
	EndGlobalSection
	GlobalSection(ProjectConfigurationPlatforms) = postSolution
		{BF356377-14BE-4580-BCFE-018769319959}.Debug|x64.ActiveCfg = Debug|x64
		{BF356377-14BE-4580-BCFE-018769319959}.Debug|x64.Build.0 = Debug|x64
		{BF356377-14BE-4580-BCFE-018769319959}.Debug|x86.ActiveCfg = Debug|Win32
		{BF356377-14BE-4580-BCFE-018769319959}.Debug|x86.Build.0 = Debug|Win32
		{BF356377-14BE-4580-BCFE-018769319959}.Release|x64.ActiveCfg = Release|x64
		{BF356377-14BE-4580-BCFE-018769319959}.Release|x64.Build.0 = Release|x64
		{BF356377-14BE-4580-BCFE-018769319959}.Release|x86.ActiveCfg = Release|Win32
		{BF356377-14BE-4580-BCFE-018769319959}.Release|x86.Build.0 = Release|Win32
	EndGlobalSection
	GlobalSection(SolutionProperties) = preSolution
		HideSolutionNode = FALSE
	EndGlobalSection
	GlobalSection(ExtensibilityGlobals) = postSolution
		SolutionGuid = {44BA1E1D-CA91-45D2-B475-C0217CD174E8}
	EndGlobalSection
EndGlobal
