
Microsoft Visual Studio Solution File, Format Version 12.00
# Visual Studio Version 16
VisualStudioVersion = 16.0.32002.261
MinimumVisualStudioVersion = 10.0.40219.1
Project("{8BC9CEB8-8B4A-11D0-8D11-00A0C91BC942}") = "计算器（函数指针）", "计算器（函数指针）\计算器（函数指针）.vcxproj", "{8976E2EA-76A9-4E0A-B1AB-1354AC5DDB17}"
EndProject
Global
	GlobalSection(SolutionConfigurationPlatforms) = preSolution
		Debug|x64 = Debug|x64
		Debug|x86 = Debug|x86
		Release|x64 = Release|x64
		Release|x86 = Release|x86
	EndGlobalSection
	GlobalSection(ProjectConfigurationPlatforms) = postSolution
		{8976E2EA-76A9-4E0A-B1AB-1354AC5DDB17}.Debug|x64.ActiveCfg = Debug|x64
		{8976E2EA-76A9-4E0A-B1AB-1354AC5DDB17}.Debug|x64.Build.0 = Debug|x64
		{8976E2EA-76A9-4E0A-B1AB-1354AC5DDB17}.Debug|x86.ActiveCfg = Debug|Win32
		{8976E2EA-76A9-4E0A-B1AB-1354AC5DDB17}.Debug|x86.Build.0 = Debug|Win32
		{8976E2EA-76A9-4E0A-B1AB-1354AC5DDB17}.Release|x64.ActiveCfg = Release|x64
		{8976E2EA-76A9-4E0A-B1AB-1354AC5DDB17}.Release|x64.Build.0 = Release|x64
		{8976E2EA-76A9-4E0A-B1AB-1354AC5DDB17}.Release|x86.ActiveCfg = Release|Win32
		{8976E2EA-76A9-4E0A-B1AB-1354AC5DDB17}.Release|x86.Build.0 = Release|Win32
	EndGlobalSection
	GlobalSection(SolutionProperties) = preSolution
		HideSolutionNode = FALSE
	EndGlobalSection
	GlobalSection(ExtensibilityGlobals) = postSolution
		SolutionGuid = {D958D7C1-D8E4-4070-B9AC-35D2CD1FA591}
	EndGlobalSection
EndGlobal
